{
  "name": "gifeditor",
  "version": "1.0.0",
  "lockfileVersion": 3,
  "requires": true,
  "packages": {
    "": {
      "name": "gifeditor",
      "version": "1.0.0",
      "license": "ISC",
      "dependencies": {
        "apng-js": "^1.1.5",
        "gifenc": "^1.0.3",
        "omggif": "^1.0.10"
      }
    },
    "node_modules/apng-js": {
      "version": "1.1.5",
      "resolved": "https://registry.npmjs.org/apng-js/-/apng-js-1.1.5.tgz",
      "integrity": "sha512-ENBjy3HAyu7slaOgWRvVtFUdSGFWIHZvz8bGKSEM6/OWQm6NgwFquqY8R7YPgm4vnDISEczhZE2NoLAtKlnUfw==",
      "license": "MIT"
    },
    "node_modules/gifenc": {
      "version": "1.0.3",
      "resolved": "https://registry.npmjs.org/gifenc/-/gifenc-1.0.3.tgz",
      "integrity": "sha512-xdr6AdrfGBcfzncONUOlXMBuc5wJDtOueE3c5rdG0oNgtINLD+f2iFZltrBRZYzACRbKr+mSVU/x98zv2u3jmw==",
      "license": "MIT"
    },
    "node_modules/omggif": {
      "version": "1.0.10",
      "resolved": "https://registry.npmjs.org/omggif/-/omggif-1.0.10.tgz",
      "integrity": "sha512-LMJTtvgc/nugXj0Vcrrs68Mn2D1r0zf630VNtqtpI1FEO7e+O9FP4gqs9AcnBaSEeoHIPm28u6qgPR0oyEpGSw==",
      "license": "MIT"
    }
  }
}
